
Microsoft Visual Studio Solution File, Format Version 12.00
# Visual Studio 15
VisualStudioVersion = 15.0.28307.136
MinimumVisualStudioVersion = 10.0.40219.1
Project("{FAE04EC0-301F-11D3-BF4B-00C04F79EFBC}") = "Io.Vlingo.Wire", "Io.Vlingo.Wire\Io.Vlingo.Wire.csproj", "{CF07A036-E95D-422D-BA4E-D4B2A4781C5C}"
EndProject
Global
	GlobalSection(SolutionConfigurationPlatforms) = preSolution
		Debug|Any CPU = Debug|Any CPU
		Release|Any CPU = Release|Any CPU
	EndGlobalSection
	GlobalSection(ProjectConfigurationPlatforms) = postSolution
		{CF07A036-E95D-422D-BA4E-D4B2A4781C5C}.Debug|Any CPU.ActiveCfg = Debug|Any CPU
		{CF07A036-E95D-422D-BA4E-D4B2A4781C5C}.Debug|Any CPU.Build.0 = Debug|Any CPU
		{CF07A036-E95D-422D-BA4E-D4B2A4781C5C}.Release|Any CPU.ActiveCfg = Release|Any CPU
		{CF07A036-E95D-422D-BA4E-D4B2A4781C5C}.Release|Any CPU.Build.0 = Release|Any CPU
	EndGlobalSection
	GlobalSection(SolutionProperties) = preSolution
		HideSolutionNode = FALSE
	EndGlobalSection
	GlobalSection(ExtensibilityGlobals) = postSolution
		SolutionGuid = {F51DC162-E038-4178-89BF-4C342302471E}
	EndGlobalSection
EndGlobal
