
Microsoft Visual Studio Solution File, Format Version 12.00
# Visual Studio 15
VisualStudioVersion = 15.0.28307.271
MinimumVisualStudioVersion = 10.0.40219.1
Project("{FAE04EC0-301F-11D3-BF4B-00C04F79EFBC}") = "Vlingo.Wire", "Vlingo.Wire\Vlingo.Wire.csproj", "{3BFE01CE-D190-454B-B9D5-552D3DA1F3EC}"
EndProject
Project("{FAE04EC0-301F-11D3-BF4B-00C04F79EFBC}") = "Vlingo.Wire.Tests", "Vlingo.Wire.Tests\Vlingo.Wire.Tests.csproj", "{E8E442D5-BB69-49D6-9123-97CEDEA122C3}"
EndProject
Global
	GlobalSection(SolutionConfigurationPlatforms) = preSolution
		Debug|Any CPU = Debug|Any CPU
		Release|Any CPU = Release|Any CPU
	EndGlobalSection
	GlobalSection(ProjectConfigurationPlatforms) = postSolution
		{3BFE01CE-D190-454B-B9D5-552D3DA1F3EC}.Debug|Any CPU.ActiveCfg = Debug|Any CPU
		{3BFE01CE-D190-454B-B9D5-552D3DA1F3EC}.Debug|Any CPU.Build.0 = Debug|Any CPU
		{3BFE01CE-D190-454B-B9D5-552D3DA1F3EC}.Release|Any CPU.ActiveCfg = Release|Any CPU
		{3BFE01CE-D190-454B-B9D5-552D3DA1F3EC}.Release|Any CPU.Build.0 = Release|Any CPU
		{E8E442D5-BB69-49D6-9123-97CEDEA122C3}.Debug|Any CPU.ActiveCfg = Debug|Any CPU
		{E8E442D5-BB69-49D6-9123-97CEDEA122C3}.Debug|Any CPU.Build.0 = Debug|Any CPU
		{E8E442D5-BB69-49D6-9123-97CEDEA122C3}.Release|Any CPU.ActiveCfg = Release|Any CPU
		{E8E442D5-BB69-49D6-9123-97CEDEA122C3}.Release|Any CPU.Build.0 = Release|Any CPU
	EndGlobalSection
	GlobalSection(SolutionProperties) = preSolution
		HideSolutionNode = FALSE
	EndGlobalSection
	GlobalSection(ExtensibilityGlobals) = postSolution
		SolutionGuid = {C0550254-806C-4B60-8EDE-F27A53AE95A8}
	EndGlobalSection
EndGlobal
